
Microsoft Visual Studio Solution File, Format Version 12.00
# Visual Studio Version 17
VisualStudioVersion = 17.7.34202.233
MinimumVisualStudioVersion = 10.0.40219.1
Project("{9A19103F-16F7-4668-BE54-9A1E7A4F7556}") = "CarteAuTresor", "CarteAuTresor\CarteAuTresor.csproj", "{0AEFE7F7-C5AA-43EF-8083-150037EDB646}"
EndProject
Project("{FAE04EC0-301F-11D3-BF4B-00C04F79EFBC}") = "TestProject", "TestProject\TestProject.csproj", "{5CC11CE7-3113-4FB5-B72F-3DC0191DFF05}"
EndProject
Global
	GlobalSection(SolutionConfigurationPlatforms) = preSolution
		Debug|Any CPU = Debug|Any CPU
		Release|Any CPU = Release|Any CPU
	EndGlobalSection
	GlobalSection(ProjectConfigurationPlatforms) = postSolution
		{0AEFE7F7-C5AA-43EF-8083-150037EDB646}.Debug|Any CPU.ActiveCfg = Debug|Any CPU
		{0AEFE7F7-C5AA-43EF-8083-150037EDB646}.Debug|Any CPU.Build.0 = Debug|Any CPU
		{0AEFE7F7-C5AA-43EF-8083-150037EDB646}.Release|Any CPU.ActiveCfg = Release|Any CPU
		{0AEFE7F7-C5AA-43EF-8083-150037EDB646}.Release|Any CPU.Build.0 = Release|Any CPU
		{5CC11CE7-3113-4FB5-B72F-3DC0191DFF05}.Debug|Any CPU.ActiveCfg = Debug|Any CPU
		{5CC11CE7-3113-4FB5-B72F-3DC0191DFF05}.Debug|Any CPU.Build.0 = Debug|Any CPU
		{5CC11CE7-3113-4FB5-B72F-3DC0191DFF05}.Release|Any CPU.ActiveCfg = Release|Any CPU
		{5CC11CE7-3113-4FB5-B72F-3DC0191DFF05}.Release|Any CPU.Build.0 = Release|Any CPU
	EndGlobalSection
	GlobalSection(SolutionProperties) = preSolution
		HideSolutionNode = FALSE
	EndGlobalSection
	GlobalSection(ExtensibilityGlobals) = postSolution
		SolutionGuid = {216373D3-B44C-426B-A154-5050312D915E}
	EndGlobalSection
EndGlobal
